// !$*UTF8*$!
{
	archiveVersion = 1;
	classes = {
	};
	objectVersion = 56;
	objects = {

/* Begin PBXBuildFile section */
		806D01512CA6EC702DDFB70F /* Pods_nectar.framework in Frameworks */ = {isa = PBXBuildFile; fileRef = AE429B072B3062EE110612EA /* Pods_nectar.framework */; };
		E3340FCF29EB263800A7E1E0 /* UIViewController.swift in Sources */ = {isa = PBXBuildFile; fileRef = E3340FCE29EB263800A7E1E0 /* UIViewController.swift */; };
		E3404A5429E7541500D0291E /* Splash.storyboard in Resources */ = {isa = PBXBuildFile; fileRef = E3404A5329E7541500D0291E /* Splash.storyboard */; };
		E3404A5729E755D300D0291E /* Router.swift in Sources */ = {isa = PBXBuildFile; fileRef = E3404A5629E755D300D0291E /* Router.swift */; };
		E3404A5A29E7562800D0291E /* Storyboard.swift in Sources */ = {isa = PBXBuildFile; fileRef = E3404A5929E7562800D0291E /* Storyboard.swift */; };
		E35381C32A89338D008D150B /* SigninViewController.swift in Sources */ = {isa = PBXBuildFile; fileRef = E35381C22A89338D008D150B /* SigninViewController.swift */; };
		E35381C52A8933CA008D150B /* Signin.storyboard in Resources */ = {isa = PBXBuildFile; fileRef = E35381C42A8933CA008D150B /* Signin.storyboard */; };
		E380CB8329EB3FED00026CCA /* OnboardingViewController.swift in Sources */ = {isa = PBXBuildFile; fileRef = E380CB8229EB3FED00026CCA /* OnboardingViewController.swift */; };
		E380CB8529EB401200026CCA /* Onboarding.storyboard in Resources */ = {isa = PBXBuildFile; fileRef = E380CB8429EB401200026CCA /* Onboarding.storyboard */; };
		E388190329E74EE1004E9F79 /* AppDelegate.swift in Sources */ = {isa = PBXBuildFile; fileRef = E388190229E74EE1004E9F79 /* AppDelegate.swift */; };
		E388190529E74EE1004E9F79 /* SceneDelegate.swift in Sources */ = {isa = PBXBuildFile; fileRef = E388190429E74EE1004E9F79 /* SceneDelegate.swift */; };
		E388190729E74EE1004E9F79 /* SplashViewController.swift in Sources */ = {isa = PBXBuildFile; fileRef = E388190629E74EE1004E9F79 /* SplashViewController.swift */; };
		E388190C29E74EE3004E9F79 /* Assets.xcassets in Resources */ = {isa = PBXBuildFile; fileRef = E388190B29E74EE3004E9F79 /* Assets.xcassets */; };
		E388190F29E74EE3004E9F79 /* LaunchScreen.storyboard in Resources */ = {isa = PBXBuildFile; fileRef = E388190D29E74EE3004E9F79 /* LaunchScreen.storyboard */; };
		E3FE54842A8371FF0017F487 /* UIColor.swift in Sources */ = {isa = PBXBuildFile; fileRef = E3FE54832A8371FF0017F487 /* UIColor.swift */; };
/* End PBXBuildFile section */

/* Begin PBXFileReference section */
		2195E2D89F116C74D71219BA /* Pods-nectar.debug.xcconfig */ = {isa = PBXFileReference; includeInIndex = 1; lastKnownFileType = text.xcconfig; name = "Pods-nectar.debug.xcconfig"; path = "Target Support Files/Pods-nectar/Pods-nectar.debug.xcconfig"; sourceTree = "<group>"; };
		3759BBA1E509BC65B9E43C68 /* Pods-nectar.release.xcconfig */ = {isa = PBXFileReference; includeInIndex = 1; lastKnownFileType = text.xcconfig; name = "Pods-nectar.release.xcconfig"; path = "Target Support Files/Pods-nectar/Pods-nectar.release.xcconfig"; sourceTree = "<group>"; };
		AE429B072B3062EE110612EA /* Pods_nectar.framework */ = {isa = PBXFileReference; explicitFileType = wrapper.framework; includeInIndex = 0; path = Pods_nectar.framework; sourceTree = BUILT_PRODUCTS_DIR; };
		E3340FCE29EB263800A7E1E0 /* UIViewController.swift */ = {isa = PBXFileReference; lastKnownFileType = sourcecode.swift; path = UIViewController.swift; sourceTree = "<group>"; };
		E3404A5329E7541500D0291E /* Splash.storyboard */ = {isa = PBXFileReference; lastKnownFileType = file.storyboard; path = Splash.storyboard; sourceTree = "<group>"; };
		E3404A5629E755D300D0291E /* Router.swift */ = {isa = PBXFileReference; lastKnownFileType = sourcecode.swift; path = Router.swift; sourceTree = "<group>"; };
		E3404A5929E7562800D0291E /* Storyboard.swift */ = {isa = PBXFileReference; lastKnownFileType = sourcecode.swift; path = Storyboard.swift; sourceTree = "<group>"; };
		E35381C22A89338D008D150B /* SigninViewController.swift */ = {isa = PBXFileReference; lastKnownFileType = sourcecode.swift; path = SigninViewController.swift; sourceTree = "<group>"; };
		E35381C42A8933CA008D150B /* Signin.storyboard */ = {isa = PBXFileReference; lastKnownFileType = file.storyboard; path = Signin.storyboard; sourceTree = "<group>"; };
		E380CB8229EB3FED00026CCA /* OnboardingViewController.swift */ = {isa = PBXFileReference; lastKnownFileType = sourcecode.swift; path = OnboardingViewController.swift; sourceTree = "<group>"; };
		E380CB8429EB401200026CCA /* Onboarding.storyboard */ = {isa = PBXFileReference; lastKnownFileType = file.storyboard; path = Onboarding.storyboard; sourceTree = "<group>"; };
		E38818FF29E74EE1004E9F79 /* nectar.app */ = {isa = PBXFileReference; explicitFileType = wrapper.application; includeInIndex = 0; path = nectar.app; sourceTree = BUILT_PRODUCTS_DIR; };
		E388190229E74EE1004E9F79 /* AppDelegate.swift */ = {isa = PBXFileReference; lastKnownFileType = sourcecode.swift; path = AppDelegate.swift; sourceTree = "<group>"; };
		E388190429E74EE1004E9F79 /* SceneDelegate.swift */ = {isa = PBXFileReference; lastKnownFileType = sourcecode.swift; path = SceneDelegate.swift; sourceTree = "<group>"; };
		E388190629E74EE1004E9F79 /* SplashViewController.swift */ = {isa = PBXFileReference; lastKnownFileType = sourcecode.swift; path = SplashViewController.swift; sourceTree = "<group>"; };
		E388190B29E74EE3004E9F79 /* Assets.xcassets */ = {isa = PBXFileReference; lastKnownFileType = folder.assetcatalog; path = Assets.xcassets; sourceTree = "<group>"; };
		E388190E29E74EE3004E9F79 /* Base */ = {isa = PBXFileReference; lastKnownFileType = file.storyboard; name = Base; path = Base.lproj/LaunchScreen.storyboard; sourceTree = "<group>"; };
		E388191029E74EE3004E9F79 /* Info.plist */ = {isa = PBXFileReference; lastKnownFileType = text.plist.xml; path = Info.plist; sourceTree = "<group>"; };
		E3FE54832A8371FF0017F487 /* UIColor.swift */ = {isa = PBXFileReference; lastKnownFileType = sourcecode.swift; path = UIColor.swift; sourceTree = "<group>"; };
/* End PBXFileReference section */

/* Begin PBXFrameworksBuildPhase section */
		E38818FC29E74EE1004E9F79 /* Frameworks */ = {
			isa = PBXFrameworksBuildPhase;
			buildActionMask = 2147483647;
			files = (
				806D01512CA6EC702DDFB70F /* Pods_nectar.framework in Frameworks */,
			);
			runOnlyForDeploymentPostprocessing = 0;
		};
/* End PBXFrameworksBuildPhase section */

/* Begin PBXGroup section */
		9546FD6356E8FF58871CF577 /* Pods */ = {
			isa = PBXGroup;
			children = (
				2195E2D89F116C74D71219BA /* Pods-nectar.debug.xcconfig */,
				3759BBA1E509BC65B9E43C68 /* Pods-nectar.release.xcconfig */,
			);
			path = Pods;
			sourceTree = "<group>";
		};
		E3340FCD29EB25F600A7E1E0 /* extensions */ = {
			isa = PBXGroup;
			children = (
				E3340FCE29EB263800A7E1E0 /* UIViewController.swift */,
				E3FE54832A8371FF0017F487 /* UIColor.swift */,
			);
			path = extensions;
			sourceTree = "<group>";
		};
		E3404A5129E752C000D0291E /* Resources */ = {
			isa = PBXGroup;
			children = (
				E388190229E74EE1004E9F79 /* AppDelegate.swift */,
				E388190429E74EE1004E9F79 /* SceneDelegate.swift */,
				E388190D29E74EE3004E9F79 /* LaunchScreen.storyboard */,
				E388190B29E74EE3004E9F79 /* Assets.xcassets */,
			);
			path = Resources;
			sourceTree = "<group>";
		};
		E3404A5229E753C300D0291E /* Splash */ = {
			isa = PBXGroup;
			children = (
				E388190629E74EE1004E9F79 /* SplashViewController.swift */,
				E3404A5329E7541500D0291E /* Splash.storyboard */,
			);
			path = Splash;
			sourceTree = "<group>";
		};
		E3404A5529E755C000D0291E /* Router */ = {
			isa = PBXGroup;
			children = (
				E3404A5629E755D300D0291E /* Router.swift */,
			);
			path = Router;
			sourceTree = "<group>";
		};
		E3404A5829E7561400D0291E /* Constants */ = {
			isa = PBXGroup;
			children = (
				E3404A5929E7562800D0291E /* Storyboard.swift */,
			);
			path = Constants;
			sourceTree = "<group>";
		};
		E35381C02A89335D008D150B /* Authentication */ = {
			isa = PBXGroup;
			children = (
				E35381C12A893369008D150B /* Signin */,
			);
			path = Authentication;
			sourceTree = "<group>";
		};
		E35381C12A893369008D150B /* Signin */ = {
			isa = PBXGroup;
			children = (
				E35381C22A89338D008D150B /* SigninViewController.swift */,
				E35381C42A8933CA008D150B /* Signin.storyboard */,
			);
			path = Signin;
			sourceTree = "<group>";
		};
		E380CB8129EB3FD700026CCA /* Onboarding */ = {
			isa = PBXGroup;
			children = (
				E380CB8229EB3FED00026CCA /* OnboardingViewController.swift */,
				E380CB8429EB401200026CCA /* Onboarding.storyboard */,
			);
			path = Onboarding;
			sourceTree = "<group>";
		};
		E38818F629E74EE1004E9F79 = {
			isa = PBXGroup;
			children = (
				E388190129E74EE1004E9F79 /* nectar */,
				E388190029E74EE1004E9F79 /* Products */,
				9546FD6356E8FF58871CF577 /* Pods */,
				F7B70E2502C69A2BE26F7E90 /* Frameworks */,
			);
			sourceTree = "<group>";
		};
		E388190029E74EE1004E9F79 /* Products */ = {
			isa = PBXGroup;
			children = (
				E38818FF29E74EE1004E9F79 /* nectar.app */,
			);
			name = Products;
			sourceTree = "<group>";
		};
		E388190129E74EE1004E9F79 /* nectar */ = {
			isa = PBXGroup;
			children = (
				E3404A5229E753C300D0291E /* Splash */,
				E380CB8129EB3FD700026CCA /* Onboarding */,
				E35381C02A89335D008D150B /* Authentication */,
				E3404A5829E7561400D0291E /* Constants */,
				E3404A5529E755C000D0291E /* Router */,
				E3340FCD29EB25F600A7E1E0 /* extensions */,
				E3404A5129E752C000D0291E /* Resources */,
				E388191029E74EE3004E9F79 /* Info.plist */,
			);
			path = nectar;
			sourceTree = "<group>";
		};
		F7B70E2502C69A2BE26F7E90 /* Frameworks */ = {
			isa = PBXGroup;
			children = (
				AE429B072B3062EE110612EA /* Pods_nectar.framework */,
			);
			name = Frameworks;
			sourceTree = "<group>";
		};
/* End PBXGroup section */

/* Begin PBXNativeTarget section */
		E38818FE29E74EE1004E9F79 /* nectar */ = {
			isa = PBXNativeTarget;
			buildConfigurationList = E388191329E74EE3004E9F79 /* Build configuration list for PBXNativeTarget "nectar" */;
			buildPhases = (
				5B73C000CF1998E0A59733B3 /* [CP] Check Pods Manifest.lock */,
				E38818FB29E74EE1004E9F79 /* Sources */,
				E38818FC29E74EE1004E9F79 /* Frameworks */,
				E38818FD29E74EE1004E9F79 /* Resources */,
			);
			buildRules = (
			);
			dependencies = (
			);
			name = nectar;
			productName = nectar;
			productReference = E38818FF29E74EE1004E9F79 /* nectar.app */;
			productType = "com.apple.product-type.application";
		};
/* End PBXNativeTarget section */

/* Begin PBXProject section */
		E38818F729E74EE1004E9F79 /* Project object */ = {
			isa = PBXProject;
			attributes = {
				BuildIndependentTargetsInParallel = 1;
				LastSwiftUpdateCheck = 1400;
				LastUpgradeCheck = 1400;
				TargetAttributes = {
					E38818FE29E74EE1004E9F79 = {
						CreatedOnToolsVersion = 14.0.1;
					};
				};
			};
			buildConfigurationList = E38818FA29E74EE1004E9F79 /* Build configuration list for PBXProject "nectar" */;
			compatibilityVersion = "Xcode 14.0";
			developmentRegion = en;
			hasScannedForEncodings = 0;
			knownRegions = (
				en,
				Base,
			);
			mainGroup = E38818F629E74EE1004E9F79;
			productRefGroup = E388190029E74EE1004E9F79 /* Products */;
			projectDirPath = "";
			projectRoot = "";
			targets = (
				E38818FE29E74EE1004E9F79 /* nectar */,
			);
		};
/* End PBXProject section */

/* Begin PBXResourcesBuildPhase section */
		E38818FD29E74EE1004E9F79 /* Resources */ = {
			isa = PBXResourcesBuildPhase;
			buildActionMask = 2147483647;
			files = (
				E35381C52A8933CA008D150B /* Signin.storyboard in Resources */,
				E388190F29E74EE3004E9F79 /* LaunchScreen.storyboard in Resources */,
				E388190C29E74EE3004E9F79 /* Assets.xcassets in Resources */,
				E3404A5429E7541500D0291E /* Splash.storyboard in Resources */,
				E380CB8529EB401200026CCA /* Onboarding.storyboard in Resources */,
			);
			runOnlyForDeploymentPostprocessing = 0;
		};
/* End PBXResourcesBuildPhase section */

/* Begin PBXShellScriptBuildPhase section */
		5B73C000CF1998E0A59733B3 /* [CP] Check Pods Manifest.lock */ = {
			isa = PBXShellScriptBuildPhase;
			buildActionMask = 2147483647;
			files = (
			);
			inputFileListPaths = (
			);
			inputPaths = (
				"${PODS_PODFILE_DIR_PATH}/Podfile.lock",
				"${PODS_ROOT}/Manifest.lock",
			);
			name = "[CP] Check Pods Manifest.lock";
			outputFileListPaths = (
			);
			outputPaths = (
				"$(DERIVED_FILE_DIR)/Pods-nectar-checkManifestLockResult.txt",
			);
			runOnlyForDeploymentPostprocessing = 0;
			shellPath = /bin/sh;
			shellScript = "diff \"${PODS_PODFILE_DIR_PATH}/Podfile.lock\" \"${PODS_ROOT}/Manifest.lock\" > /dev/null\nif [ $? != 0 ] ; then\n    # print error to STDERR\n    echo \"error: The sandbox is not in sync with the Podfile.lock. Run 'pod install' or update your CocoaPods installation.\" >&2\n    exit 1\nfi\n# This output is used by Xcode 'outputs' to avoid re-running this script phase.\necho \"SUCCESS\" > \"${SCRIPT_OUTPUT_FILE_0}\"\n";
			showEnvVarsInLog = 0;
		};
/* End PBXShellScriptBuildPhase section */

/* Begin PBXSourcesBuildPhase section */
		E38818FB29E74EE1004E9F79 /* Sources */ = {
			isa = PBXSourcesBuildPhase;
			buildActionMask = 2147483647;
			files = (
				E388190729E74EE1004E9F79 /* SplashViewController.swift in Sources */,
				E3404A5A29E7562800D0291E /* Storyboard.swift in Sources */,
				E3340FCF29EB263800A7E1E0 /* UIViewController.swift in Sources */,
				E388190329E74EE1004E9F79 /* AppDelegate.swift in Sources */,
				E380CB8329EB3FED00026CCA /* OnboardingViewController.swift in Sources */,
				E3FE54842A8371FF0017F487 /* UIColor.swift in Sources */,
				E388190529E74EE1004E9F79 /* SceneDelegate.swift in Sources */,
				E3404A5729E755D300D0291E /* Router.swift in Sources */,
				E35381C32A89338D008D150B /* SigninViewController.swift in Sources */,
			);
			runOnlyForDeploymentPostprocessing = 0;
		};
/* End PBXSourcesBuildPhase section */

/* Begin PBXVariantGroup section */
		E388190D29E74EE3004E9F79 /* LaunchScreen.storyboard */ = {
			isa = PBXVariantGroup;
			children = (
				E388190E29E74EE3004E9F79 /* Base */,
			);
			name = LaunchScreen.storyboard;
			sourceTree = "<group>";
		};
/* End PBXVariantGroup section */

/* Begin XCBuildConfiguration section */
		E388191129E74EE3004E9F79 /* Debug */ = {
			isa = XCBuildConfiguration;
			buildSettings = {
				ALWAYS_SEARCH_USER_PATHS = NO;
				CLANG_ANALYZER_NONNULL = YES;
				CLANG_ANALYZER_NUMBER_OBJECT_CONVERSION = YES_AGGRESSIVE;
				CLANG_CXX_LANGUAGE_STANDARD = "gnu++20";
				CLANG_ENABLE_MODULES = YES;
				CLANG_ENABLE_OBJC_ARC = YES;
				CLANG_ENABLE_OBJC_WEAK = YES;
				CLANG_WARN_BLOCK_CAPTURE_AUTORELEASING = YES;
				CLANG_WARN_BOOL_CONVERSION = YES;
				CLANG_WARN_COMMA = YES;
				CLANG_WARN_CONSTANT_CONVERSION = YES;
				CLANG_WARN_DEPRECATED_OBJC_IMPLEMENTATIONS = YES;
				CLANG_WARN_DIRECT_OBJC_ISA_USAGE = YES_ERROR;
				CLANG_WARN_DOCUMENTATION_COMMENTS = YES;
				CLANG_WARN_EMPTY_BODY = YES;
				CLANG_WARN_ENUM_CONVERSION = YES;
				CLANG_WARN_INFINITE_RECURSION = YES;
				CLANG_WARN_INT_CONVERSION = YES;
				CLANG_WARN_NON_LITERAL_NULL_CONVERSION = YES;
				CLANG_WARN_OBJC_IMPLICIT_RETAIN_SELF = YES;
				CLANG_WARN_OBJC_LITERAL_CONVERSION = YES;
				CLANG_WARN_OBJC_ROOT_CLASS = YES_ERROR;
				CLANG_WARN_QUOTED_INCLUDE_IN_FRAMEWORK_HEADER = YES;
				CLANG_WARN_RANGE_LOOP_ANALYSIS = YES;
				CLANG_WARN_STRICT_PROTOTYPES = YES;
				CLANG_WARN_SUSPICIOUS_MOVE = YES;
				CLANG_WARN_UNGUARDED_AVAILABILITY = YES_AGGRESSIVE;
				CLANG_WARN_UNREACHABLE_CODE = YES;
				CLANG_WARN__DUPLICATE_METHOD_MATCH = YES;
				COPY_PHASE_STRIP = NO;
				DEBUG_INFORMATION_FORMAT = dwarf;
				ENABLE_STRICT_OBJC_MSGSEND = YES;
				ENABLE_TESTABILITY = YES;
				GCC_C_LANGUAGE_STANDARD = gnu11;
				GCC_DYNAMIC_NO_PIC = NO;
				GCC_NO_COMMON_BLOCKS = YES;
				GCC_OPTIMIZATION_LEVEL = 0;
				GCC_PREPROCESSOR_DEFINITIONS = (
					"DEBUG=1",
					"$(inherited)",
				);
				GCC_WARN_64_TO_32_BIT_CONVERSION = YES;
				GCC_WARN_ABOUT_RETURN_TYPE = YES_ERROR;
				GCC_WARN_UNDECLARED_SELECTOR = YES;
				GCC_WARN_UNINITIALIZED_AUTOS = YES_AGGRESSIVE;
				GCC_WARN_UNUSED_FUNCTION = YES;
				GCC_WARN_UNUSED_VARIABLE = YES;
				IPHONEOS_DEPLOYMENT_TARGET = 16.0;
				MTL_ENABLE_DEBUG_INFO = INCLUDE_SOURCE;
				MTL_FAST_MATH = YES;
				ONLY_ACTIVE_ARCH = YES;
				SDKROOT = iphoneos;
				SWIFT_ACTIVE_COMPILATION_CONDITIONS = DEBUG;
				SWIFT_OPTIMIZATION_LEVEL = "-Onone";
			};
			name = Debug;
		};
		E388191229E74EE3004E9F79 /* Release */ = {
			isa = XCBuildConfiguration;
			buildSettings = {
				ALWAYS_SEARCH_USER_PATHS = NO;
				CLANG_ANALYZER_NONNULL = YES;
				CLANG_ANALYZER_NUMBER_OBJECT_CONVERSION = YES_AGGRESSIVE;
				CLANG_CXX_LANGUAGE_STANDARD = "gnu++20";
				CLANG_ENABLE_MODULES = YES;
				CLANG_ENABLE_OBJC_ARC = YES;
				CLANG_ENABLE_OBJC_WEAK = YES;
				CLANG_WARN_BLOCK_CAPTURE_AUTORELEASING = YES;
				CLANG_WARN_BOOL_CONVERSION = YES;
				CLANG_WARN_COMMA = YES;
				CLANG_WARN_CONSTANT_CONVERSION = YES;
				CLANG_WARN_DEPRECATED_OBJC_IMPLEMENTATIONS = YES;
				CLANG_WARN_DIRECT_OBJC_ISA_USAGE = YES_ERROR;
				CLANG_WARN_DOCUMENTATION_COMMENTS = YES;
				CLANG_WARN_EMPTY_BODY = YES;
				CLANG_WARN_ENUM_CONVERSION = YES;
				CLANG_WARN_INFINITE_RECURSION = YES;
				CLANG_WARN_INT_CONVERSION = YES;
				CLANG_WARN_NON_LITERAL_NULL_CONVERSION = YES;
				CLANG_WARN_OBJC_IMPLICIT_RETAIN_SELF = YES;
				CLANG_WARN_OBJC_LITERAL_CONVERSION = YES;
				CLANG_WARN_OBJC_ROOT_CLASS = YES_ERROR;
				CLANG_WARN_QUOTED_INCLUDE_IN_FRAMEWORK_HEADER = YES;
				CLANG_WARN_RANGE_LOOP_ANALYSIS = YES;
				CLANG_WARN_STRICT_PROTOTYPES = YES;
				CLANG_WARN_SUSPICIOUS_MOVE = YES;
				CLANG_WARN_UNGUARDED_AVAILABILITY = YES_AGGRESSIVE;
				CLANG_WARN_UNREACHABLE_CODE = YES;
				CLANG_WARN__DUPLICATE_METHOD_MATCH = YES;
				COPY_PHASE_STRIP = NO;
				DEBUG_INFORMATION_FORMAT = "dwarf-with-dsym";
				ENABLE_NS_ASSERTIONS = NO;
				ENABLE_STRICT_OBJC_MSGSEND = YES;
				GCC_C_LANGUAGE_STANDARD = gnu11;
				GCC_NO_COMMON_BLOCKS = YES;
				GCC_WARN_64_TO_32_BIT_CONVERSION = YES;
				GCC_WARN_ABOUT_RETURN_TYPE = YES_ERROR;
				GCC_WARN_UNDECLARED_SELECTOR = YES;
				GCC_WARN_UNINITIALIZED_AUTOS = YES_AGGRESSIVE;
				GCC_WARN_UNUSED_FUNCTION = YES;
				GCC_WARN_UNUSED_VARIABLE = YES;
				IPHONEOS_DEPLOYMENT_TARGET = 16.0;
				MTL_ENABLE_DEBUG_INFO = NO;
				MTL_FAST_MATH = YES;
				SDKROOT = iphoneos;
				SWIFT_COMPILATION_MODE = wholemodule;
				SWIFT_OPTIMIZATION_LEVEL = "-O";
				VALIDATE_PRODUCT = YES;
			};
			name = Release;
		};
		E388191429E74EE3004E9F79 /* Debug */ = {
			isa = XCBuildConfiguration;
			baseConfigurationReference = 2195E2D89F116C74D71219BA /* Pods-nectar.debug.xcconfig */;
			buildSettings = {
				ASSETCATALOG_COMPILER_APPICON_NAME = AppIcon;
				ASSETCATALOG_COMPILER_GLOBAL_ACCENT_COLOR_NAME = AccentColor;
				CODE_SIGN_STYLE = Automatic;
				CURRENT_PROJECT_VERSION = 1;
				DEVELOPMENT_TEAM = JNR5HB3KH8;
				GENERATE_INFOPLIST_FILE = YES;
				INFOPLIST_FILE = nectar/Info.plist;
				INFOPLIST_KEY_CFBundleDisplayName = nectar;
				INFOPLIST_KEY_UIApplicationSupportsIndirectInputEvents = YES;
				INFOPLIST_KEY_UILaunchStoryboardName = LaunchScreen;
				INFOPLIST_KEY_UISupportedInterfaceOrientations_iPad = "UIInterfaceOrientationPortrait UIInterfaceOrientationPortraitUpsideDown UIInterfaceOrientationLandscapeLeft UIInterfaceOrientationLandscapeRight";
				INFOPLIST_KEY_UISupportedInterfaceOrientations_iPhone = "UIInterfaceOrientationPortrait UIInterfaceOrientationLandscapeLeft UIInterfaceOrientationLandscapeRight";
				IPHONEOS_DEPLOYMENT_TARGET = 14.0;
				LD_RUNPATH_SEARCH_PATHS = (
					"$(inherited)",
					"@executable_path/Frameworks",
				);
				MARKETING_VERSION = 1.0;
				PRODUCT_BUNDLE_IDENTIFIER = com.coden4.nectar;
				PRODUCT_NAME = "$(TARGET_NAME)";
				SWIFT_EMIT_LOC_STRINGS = YES;
				SWIFT_VERSION = 5.0;
				TARGETED_DEVICE_FAMILY = "1,2";
			};
			name = Debug;
		};
		E388191529E74EE3004E9F79 /* Release */ = {
			isa = XCBuildConfiguration;
			baseConfigurationReference = 3759BBA1E509BC65B9E43C68 /* Pods-nectar.release.xcconfig */;
			buildSettings = {
				ASSETCATALOG_COMPILER_APPICON_NAME = AppIcon;
				ASSETCATALOG_COMPILER_GLOBAL_ACCENT_COLOR_NAME = AccentColor;
				CODE_SIGN_STYLE = Automatic;
				CURRENT_PROJECT_VERSION = 1;
				DEVELOPMENT_TEAM = JNR5HB3KH8;
				GENERATE_INFOPLIST_FILE = YES;
				INFOPLIST_FILE = nectar/Info.plist;
				INFOPLIST_KEY_CFBundleDisplayName = nectar;
				INFOPLIST_KEY_UIApplicationSupportsIndirectInputEvents = YES;
				INFOPLIST_KEY_UILaunchStoryboardName = LaunchScreen;
				INFOPLIST_KEY_UISupportedInterfaceOrientations_iPad = "UIInterfaceOrientationPortrait UIInterfaceOrientationPortraitUpsideDown UIInterfaceOrientationLandscapeLeft UIInterfaceOrientationLandscapeRight";
				INFOPLIST_KEY_UISupportedInterfaceOrientations_iPhone = "UIInterfaceOrientationPortrait UIInterfaceOrientationLandscapeLeft UIInterfaceOrientationLandscapeRight";
				IPHONEOS_DEPLOYMENT_TARGET = 14.0;
				LD_RUNPATH_SEARCH_PATHS = (
					"$(inherited)",
					"@executable_path/Frameworks",
				);
				MARKETING_VERSION = 1.0;
				PRODUCT_BUNDLE_IDENTIFIER = com.coden4.nectar;
				PRODUCT_NAME = "$(TARGET_NAME)";
				SWIFT_EMIT_LOC_STRINGS = YES;
				SWIFT_VERSION = 5.0;
				TARGETED_DEVICE_FAMILY = "1,2";
			};
			name = Release;
		};
/* End XCBuildConfiguration section */

/* Begin XCConfigurationList section */
		E38818FA29E74EE1004E9F79 /* Build configuration list for PBXProject "nectar" */ = {
			isa = XCConfigurationList;
			buildConfigurations = (
				E388191129E74EE3004E9F79 /* Debug */,
				E388191229E74EE3004E9F79 /* Release */,
			);
			defaultConfigurationIsVisible = 0;
			defaultConfigurationName = Release;
		};
		E388191329E74EE3004E9F79 /* Build configuration list for PBXNativeTarget "nectar" */ = {
			isa = XCConfigurationList;
			buildConfigurations = (
				E388191429E74EE3004E9F79 /* Debug */,
				E388191529E74EE3004E9F79 /* Release */,
			);
			defaultConfigurationIsVisible = 0;
			defaultConfigurationName = Release;
		};
/* End XCConfigurationList section */
	};
	rootObject = E38818F729E74EE1004E9F79 /* Project object */;
}
